
Microsoft Visual Studio Solution File, Format Version 12.00
# Visual Studio Version 16
VisualStudioVersion = 16.0.29519.181
MinimumVisualStudioVersion = 10.0.40219.1
Project("{FAE04EC0-301F-11D3-BF4B-00C04F79EFBC}") = "MVCApp-Test", "MVCApp-Test\MVCApp-Test.csproj", "{C9C0B700-E7B5-4554-BA06-378E011583CE}"
EndProject
Global
	GlobalSection(SolutionConfigurationPlatforms) = preSolution
		Debug|Any CPU = Debug|Any CPU
		Release|Any CPU = Release|Any CPU
	EndGlobalSection
	GlobalSection(ProjectConfigurationPlatforms) = postSolution
		{C9C0B700-E7B5-4554-BA06-378E011583CE}.Debug|Any CPU.ActiveCfg = Debug|Any CPU
		{C9C0B700-E7B5-4554-BA06-378E011583CE}.Debug|Any CPU.Build.0 = Debug|Any CPU
		{C9C0B700-E7B5-4554-BA06-378E011583CE}.Release|Any CPU.ActiveCfg = Release|Any CPU
		{C9C0B700-E7B5-4554-BA06-378E011583CE}.Release|Any CPU.Build.0 = Release|Any CPU
	EndGlobalSection
	GlobalSection(SolutionProperties) = preSolution
		HideSolutionNode = FALSE
	EndGlobalSection
	GlobalSection(ExtensibilityGlobals) = postSolution
		SolutionGuid = {3DD4A88F-A674-4313-A14F-8E5D87B964C8}
	EndGlobalSection
EndGlobal
