
Microsoft Visual Studio Solution File, Format Version 12.00
# Visual Studio Version 17
VisualStudioVersion = 17.5.33414.496
MinimumVisualStudioVersion = 10.0.40219.1
Project("{FAE04EC0-301F-11D3-BF4B-00C04F79EFBC}") = "UdemyBlazorECommerceWebsite.Server", "Server\UdemyBlazorECommerceWebsite.Server.csproj", "{7097EA49-CF37-4C96-AEEA-5B7352723BBF}"
EndProject
Project("{FAE04EC0-301F-11D3-BF4B-00C04F79EFBC}") = "UdemyBlazorECommerceWebsite.Client", "Client\UdemyBlazorECommerceWebsite.Client.csproj", "{EE3847D0-CD03-422F-AAE3-17207A88D913}"
EndProject
Project("{FAE04EC0-301F-11D3-BF4B-00C04F79EFBC}") = "UdemyBlazorECommerceWebsite.Shared", "Shared\UdemyBlazorECommerceWebsite.Shared.csproj", "{01488F52-875B-4626-AB94-911220D09A99}"
EndProject
Global
	GlobalSection(SolutionConfigurationPlatforms) = preSolution
		Debug|Any CPU = Debug|Any CPU
		Release|Any CPU = Release|Any CPU
	EndGlobalSection
	GlobalSection(ProjectConfigurationPlatforms) = postSolution
		{7097EA49-CF37-4C96-AEEA-5B7352723BBF}.Debug|Any CPU.ActiveCfg = Debug|Any CPU
		{7097EA49-CF37-4C96-AEEA-5B7352723BBF}.Debug|Any CPU.Build.0 = Debug|Any CPU
		{7097EA49-CF37-4C96-AEEA-5B7352723BBF}.Release|Any CPU.ActiveCfg = Release|Any CPU
		{7097EA49-CF37-4C96-AEEA-5B7352723BBF}.Release|Any CPU.Build.0 = Release|Any CPU
		{EE3847D0-CD03-422F-AAE3-17207A88D913}.Debug|Any CPU.ActiveCfg = Debug|Any CPU
		{EE3847D0-CD03-422F-AAE3-17207A88D913}.Debug|Any CPU.Build.0 = Debug|Any CPU
		{EE3847D0-CD03-422F-AAE3-17207A88D913}.Release|Any CPU.ActiveCfg = Release|Any CPU
		{EE3847D0-CD03-422F-AAE3-17207A88D913}.Release|Any CPU.Build.0 = Release|Any CPU
		{01488F52-875B-4626-AB94-911220D09A99}.Debug|Any CPU.ActiveCfg = Debug|Any CPU
		{01488F52-875B-4626-AB94-911220D09A99}.Debug|Any CPU.Build.0 = Debug|Any CPU
		{01488F52-875B-4626-AB94-911220D09A99}.Release|Any CPU.ActiveCfg = Release|Any CPU
		{01488F52-875B-4626-AB94-911220D09A99}.Release|Any CPU.Build.0 = Release|Any CPU
	EndGlobalSection
	GlobalSection(SolutionProperties) = preSolution
		HideSolutionNode = FALSE
	EndGlobalSection
	GlobalSection(ExtensibilityGlobals) = postSolution
		SolutionGuid = {B98B8C07-48CE-4426-B277-256E3FC26E43}
	EndGlobalSection
EndGlobal
