
Microsoft Visual Studio Solution File, Format Version 12.00
# Visual Studio Version 16
VisualStudioVersion = 16.0.31205.134
MinimumVisualStudioVersion = 10.0.40219.1
Project("{FAE04EC0-301F-11D3-BF4B-00C04F79EFBC}") = "BlazorMobileAppTest.Android", "BlazorMobileAppTest.Android\BlazorMobileAppTest.Android.csproj", "{DB553E61-F98C-4EAD-BCA3-22EE35F92ECB}"
EndProject
Project("{FAE04EC0-301F-11D3-BF4B-00C04F79EFBC}") = "BlazorMobileAppTest.iOS", "BlazorMobileAppTest.iOS\BlazorMobileAppTest.iOS.csproj", "{34E5B287-612F-44EA-AE43-E33B4EEAA1E9}"
EndProject
Project("{FAE04EC0-301F-11D3-BF4B-00C04F79EFBC}") = "BlazorMobileAppTest", "BlazorMobileAppTest\BlazorMobileAppTest.csproj", "{8A7C0D3C-64A2-4C94-877F-70B76FCFEC61}"
EndProject
Global
	GlobalSection(SolutionConfigurationPlatforms) = preSolution
		Debug|Any CPU = Debug|Any CPU
		Debug|iPhone = Debug|iPhone
		Debug|iPhoneSimulator = Debug|iPhoneSimulator
		Release|Any CPU = Release|Any CPU
		Release|iPhone = Release|iPhone
		Release|iPhoneSimulator = Release|iPhoneSimulator
	EndGlobalSection
	GlobalSection(ProjectConfigurationPlatforms) = postSolution
		{DB553E61-F98C-4EAD-BCA3-22EE35F92ECB}.Debug|Any CPU.ActiveCfg = Debug|Any CPU
		{DB553E61-F98C-4EAD-BCA3-22EE35F92ECB}.Debug|Any CPU.Build.0 = Debug|Any CPU
		{DB553E61-F98C-4EAD-BCA3-22EE35F92ECB}.Debug|Any CPU.Deploy.0 = Debug|Any CPU
		{DB553E61-F98C-4EAD-BCA3-22EE35F92ECB}.Debug|iPhone.ActiveCfg = Debug|Any CPU
		{DB553E61-F98C-4EAD-BCA3-22EE35F92ECB}.Debug|iPhone.Build.0 = Debug|Any CPU
		{DB553E61-F98C-4EAD-BCA3-22EE35F92ECB}.Debug|iPhone.Deploy.0 = Debug|Any CPU
		{DB553E61-F98C-4EAD-BCA3-22EE35F92ECB}.Debug|iPhoneSimulator.ActiveCfg = Debug|Any CPU
		{DB553E61-F98C-4EAD-BCA3-22EE35F92ECB}.Debug|iPhoneSimulator.Build.0 = Debug|Any CPU
		{DB553E61-F98C-4EAD-BCA3-22EE35F92ECB}.Debug|iPhoneSimulator.Deploy.0 = Debug|Any CPU
		{DB553E61-F98C-4EAD-BCA3-22EE35F92ECB}.Release|Any CPU.ActiveCfg = Release|Any CPU
		{DB553E61-F98C-4EAD-BCA3-22EE35F92ECB}.Release|Any CPU.Build.0 = Release|Any CPU
		{DB553E61-F98C-4EAD-BCA3-22EE35F92ECB}.Release|Any CPU.Deploy.0 = Release|Any CPU
		{DB553E61-F98C-4EAD-BCA3-22EE35F92ECB}.Release|iPhone.ActiveCfg = Release|Any CPU
		{DB553E61-F98C-4EAD-BCA3-22EE35F92ECB}.Release|iPhone.Build.0 = Release|Any CPU
		{DB553E61-F98C-4EAD-BCA3-22EE35F92ECB}.Release|iPhone.Deploy.0 = Release|Any CPU
		{DB553E61-F98C-4EAD-BCA3-22EE35F92ECB}.Release|iPhoneSimulator.ActiveCfg = Release|Any CPU
		{DB553E61-F98C-4EAD-BCA3-22EE35F92ECB}.Release|iPhoneSimulator.Build.0 = Release|Any CPU
		{DB553E61-F98C-4EAD-BCA3-22EE35F92ECB}.Release|iPhoneSimulator.Deploy.0 = Release|Any CPU
		{34E5B287-612F-44EA-AE43-E33B4EEAA1E9}.Debug|Any CPU.ActiveCfg = Debug|iPhoneSimulator
		{34E5B287-612F-44EA-AE43-E33B4EEAA1E9}.Debug|iPhone.ActiveCfg = Debug|iPhone
		{34E5B287-612F-44EA-AE43-E33B4EEAA1E9}.Debug|iPhone.Build.0 = Debug|iPhone
		{34E5B287-612F-44EA-AE43-E33B4EEAA1E9}.Debug|iPhoneSimulator.ActiveCfg = Debug|iPhoneSimulator
		{34E5B287-612F-44EA-AE43-E33B4EEAA1E9}.Debug|iPhoneSimulator.Build.0 = Debug|iPhoneSimulator
		{34E5B287-612F-44EA-AE43-E33B4EEAA1E9}.Release|Any CPU.ActiveCfg = Release|iPhoneSimulator
		{34E5B287-612F-44EA-AE43-E33B4EEAA1E9}.Release|iPhone.ActiveCfg = Release|iPhone
		{34E5B287-612F-44EA-AE43-E33B4EEAA1E9}.Release|iPhone.Build.0 = Release|iPhone
		{34E5B287-612F-44EA-AE43-E33B4EEAA1E9}.Release|iPhoneSimulator.ActiveCfg = Release|iPhoneSimulator
		{34E5B287-612F-44EA-AE43-E33B4EEAA1E9}.Release|iPhoneSimulator.Build.0 = Release|iPhoneSimulator
		{8A7C0D3C-64A2-4C94-877F-70B76FCFEC61}.Debug|Any CPU.ActiveCfg = Debug|Any CPU
		{8A7C0D3C-64A2-4C94-877F-70B76FCFEC61}.Debug|Any CPU.Build.0 = Debug|Any CPU
		{8A7C0D3C-64A2-4C94-877F-70B76FCFEC61}.Debug|iPhone.ActiveCfg = Debug|Any CPU
		{8A7C0D3C-64A2-4C94-877F-70B76FCFEC61}.Debug|iPhone.Build.0 = Debug|Any CPU
		{8A7C0D3C-64A2-4C94-877F-70B76FCFEC61}.Debug|iPhoneSimulator.ActiveCfg = Debug|Any CPU
		{8A7C0D3C-64A2-4C94-877F-70B76FCFEC61}.Debug|iPhoneSimulator.Build.0 = Debug|Any CPU
		{8A7C0D3C-64A2-4C94-877F-70B76FCFEC61}.Release|Any CPU.ActiveCfg = Release|Any CPU
		{8A7C0D3C-64A2-4C94-877F-70B76FCFEC61}.Release|Any CPU.Build.0 = Release|Any CPU
		{8A7C0D3C-64A2-4C94-877F-70B76FCFEC61}.Release|iPhone.ActiveCfg = Release|Any CPU
		{8A7C0D3C-64A2-4C94-877F-70B76FCFEC61}.Release|iPhone.Build.0 = Release|Any CPU
		{8A7C0D3C-64A2-4C94-877F-70B76FCFEC61}.Release|iPhoneSimulator.ActiveCfg = Release|Any CPU
		{8A7C0D3C-64A2-4C94-877F-70B76FCFEC61}.Release|iPhoneSimulator.Build.0 = Release|Any CPU
	EndGlobalSection
	GlobalSection(SolutionProperties) = preSolution
		HideSolutionNode = FALSE
	EndGlobalSection
	GlobalSection(ExtensibilityGlobals) = postSolution
		SolutionGuid = {CCB91954-6B75-4182-B77A-893CEF5CB673}
	EndGlobalSection
EndGlobal
