
Microsoft Visual Studio Solution File, Format Version 12.00
# Visual Studio Version 16
VisualStudioVersion = 16.0.29905.134
MinimumVisualStudioVersion = 10.0.40219.1
Project("{FAE04EC0-301F-11D3-BF4B-00C04F79EFBC}") = "BlazorApp-Docker-Test", "BlazorApp-Docker-Test.csproj", "{6778591F-FEBB-48BB-9995-E8F32B4FF63D}"
EndProject
Global
	GlobalSection(SolutionConfigurationPlatforms) = preSolution
		Debug|Any CPU = Debug|Any CPU
		Release|Any CPU = Release|Any CPU
	EndGlobalSection
	GlobalSection(ProjectConfigurationPlatforms) = postSolution
		{6778591F-FEBB-48BB-9995-E8F32B4FF63D}.Debug|Any CPU.ActiveCfg = Debug|Any CPU
		{6778591F-FEBB-48BB-9995-E8F32B4FF63D}.Debug|Any CPU.Build.0 = Debug|Any CPU
		{6778591F-FEBB-48BB-9995-E8F32B4FF63D}.Release|Any CPU.ActiveCfg = Release|Any CPU
		{6778591F-FEBB-48BB-9995-E8F32B4FF63D}.Release|Any CPU.Build.0 = Release|Any CPU
	EndGlobalSection
	GlobalSection(SolutionProperties) = preSolution
		HideSolutionNode = FALSE
	EndGlobalSection
	GlobalSection(ExtensibilityGlobals) = postSolution
		SolutionGuid = {AFDD86C2-F782-4084-B698-D66FCA503691}
	EndGlobalSection
EndGlobal
