
Microsoft Visual Studio Solution File, Format Version 12.00
# Visual Studio Version 16
VisualStudioVersion = 16.0.29905.134
MinimumVisualStudioVersion = 10.0.40219.1
Project("{FAE04EC0-301F-11D3-BF4B-00C04F79EFBC}") = "DockerWebAPI-Test", "DockerWebAPI-Test\DockerWebAPI-Test.csproj", "{53DE22E9-FE8D-4633-B0C1-4A3C55789450}"
EndProject
Global
	GlobalSection(SolutionConfigurationPlatforms) = preSolution
		Debug|Any CPU = Debug|Any CPU
		Release|Any CPU = Release|Any CPU
	EndGlobalSection
	GlobalSection(ProjectConfigurationPlatforms) = postSolution
		{53DE22E9-FE8D-4633-B0C1-4A3C55789450}.Debug|Any CPU.ActiveCfg = Debug|Any CPU
		{53DE22E9-FE8D-4633-B0C1-4A3C55789450}.Debug|Any CPU.Build.0 = Debug|Any CPU
		{53DE22E9-FE8D-4633-B0C1-4A3C55789450}.Release|Any CPU.ActiveCfg = Release|Any CPU
		{53DE22E9-FE8D-4633-B0C1-4A3C55789450}.Release|Any CPU.Build.0 = Release|Any CPU
	EndGlobalSection
	GlobalSection(SolutionProperties) = preSolution
		HideSolutionNode = FALSE
	EndGlobalSection
	GlobalSection(ExtensibilityGlobals) = postSolution
		SolutionGuid = {5CFF3E44-6431-4738-8652-2EC548FD881F}
	EndGlobalSection
EndGlobal
