
Microsoft Visual Studio Solution File, Format Version 12.00
# Visual Studio Version 16
VisualStudioVersion = 16.0.29905.134
MinimumVisualStudioVersion = 10.0.40219.1
Project("{FAE04EC0-301F-11D3-BF4B-00C04F79EFBC}") = "SignalRCoreContainerTest.Client", "SignalRCoreContainerTest.Client\SignalRCoreContainerTest.Client.csproj", "{5FD54767-CC9F-4B5A-A408-8F39DBB32D3F}"
EndProject
Project("{FAE04EC0-301F-11D3-BF4B-00C04F79EFBC}") = "SignalRCoreContainerTest.Server", "SignalRCoreContainerTest.Server\SignalRCoreContainerTest.Server.csproj", "{0892BB6D-FFC4-48AD-AA5C-C573A96536E9}"
EndProject
Project("{FAE04EC0-301F-11D3-BF4B-00C04F79EFBC}") = "SignalRCoreContainerTest.Lib", "SignalRCoreContainerTest.Lib\SignalRCoreContainerTest.Lib.csproj", "{0E3A605F-7FF3-4758-9885-F68D24FB0FD2}"
EndProject
Project("{FAE04EC0-301F-11D3-BF4B-00C04F79EFBC}") = "SignalRCoreContainerTest.ConsoleClient", "SignalRCoreContainerTest.ConsoleClient\SignalRCoreContainerTest.ConsoleClient.csproj", "{8396A664-75A2-4988-9E4C-B9C067C79815}"
EndProject
Project("{FAE04EC0-301F-11D3-BF4B-00C04F79EFBC}") = "SignalRCoreContainerTest.ConsoleTestTwo", "SignalRCoreContainerTest.ConsoleTestTwo\SignalRCoreContainerTest.ConsoleTestTwo.csproj", "{30DE11F9-7376-42E4-9596-4814C8774B96}"
EndProject
Global
	GlobalSection(SolutionConfigurationPlatforms) = preSolution
		Debug|Any CPU = Debug|Any CPU
		Release|Any CPU = Release|Any CPU
	EndGlobalSection
	GlobalSection(ProjectConfigurationPlatforms) = postSolution
		{5FD54767-CC9F-4B5A-A408-8F39DBB32D3F}.Debug|Any CPU.ActiveCfg = Debug|Any CPU
		{5FD54767-CC9F-4B5A-A408-8F39DBB32D3F}.Debug|Any CPU.Build.0 = Debug|Any CPU
		{5FD54767-CC9F-4B5A-A408-8F39DBB32D3F}.Release|Any CPU.ActiveCfg = Release|Any CPU
		{5FD54767-CC9F-4B5A-A408-8F39DBB32D3F}.Release|Any CPU.Build.0 = Release|Any CPU
		{0892BB6D-FFC4-48AD-AA5C-C573A96536E9}.Debug|Any CPU.ActiveCfg = Debug|Any CPU
		{0892BB6D-FFC4-48AD-AA5C-C573A96536E9}.Debug|Any CPU.Build.0 = Debug|Any CPU
		{0892BB6D-FFC4-48AD-AA5C-C573A96536E9}.Release|Any CPU.ActiveCfg = Release|Any CPU
		{0892BB6D-FFC4-48AD-AA5C-C573A96536E9}.Release|Any CPU.Build.0 = Release|Any CPU
		{0E3A605F-7FF3-4758-9885-F68D24FB0FD2}.Debug|Any CPU.ActiveCfg = Debug|Any CPU
		{0E3A605F-7FF3-4758-9885-F68D24FB0FD2}.Debug|Any CPU.Build.0 = Debug|Any CPU
		{0E3A605F-7FF3-4758-9885-F68D24FB0FD2}.Release|Any CPU.ActiveCfg = Release|Any CPU
		{0E3A605F-7FF3-4758-9885-F68D24FB0FD2}.Release|Any CPU.Build.0 = Release|Any CPU
		{8396A664-75A2-4988-9E4C-B9C067C79815}.Debug|Any CPU.ActiveCfg = Debug|Any CPU
		{8396A664-75A2-4988-9E4C-B9C067C79815}.Debug|Any CPU.Build.0 = Debug|Any CPU
		{8396A664-75A2-4988-9E4C-B9C067C79815}.Release|Any CPU.ActiveCfg = Release|Any CPU
		{8396A664-75A2-4988-9E4C-B9C067C79815}.Release|Any CPU.Build.0 = Release|Any CPU
		{30DE11F9-7376-42E4-9596-4814C8774B96}.Debug|Any CPU.ActiveCfg = Debug|Any CPU
		{30DE11F9-7376-42E4-9596-4814C8774B96}.Debug|Any CPU.Build.0 = Debug|Any CPU
		{30DE11F9-7376-42E4-9596-4814C8774B96}.Release|Any CPU.ActiveCfg = Release|Any CPU
		{30DE11F9-7376-42E4-9596-4814C8774B96}.Release|Any CPU.Build.0 = Release|Any CPU
	EndGlobalSection
	GlobalSection(SolutionProperties) = preSolution
		HideSolutionNode = FALSE
	EndGlobalSection
	GlobalSection(ExtensibilityGlobals) = postSolution
		SolutionGuid = {E2ACF100-4F40-49D8-B802-8D53B093B6F4}
	EndGlobalSection
EndGlobal
